// !$*UTF8*$!
{
	archiveVersion = 1;
	classes = {
	};
	objectVersion = 60;
	objects = {

/* Begin PBXBuildFile section */
		B1066FA62C41C763004EC355 /* AppDelegate.swift in Sources */ = {isa = PBXBuildFile; fileRef = B1066FA52C41C763004EC355 /* AppDelegate.swift */; };
		B1066FA82C41C763004EC355 /* SceneDelegate.swift in Sources */ = {isa = PBXBuildFile; fileRef = B1066FA72C41C763004EC355 /* SceneDelegate.swift */; };
		B1066FAA2C41C763004EC355 /* ViewController.swift in Sources */ = {isa = PBXBuildFile; fileRef = B1066FA92C41C763004EC355 /* ViewController.swift */; };
		B1066FAD2C41C763004EC355 /* Main.storyboard in Resources */ = {isa = PBXBuildFile; fileRef = B1066FAB2C41C763004EC355 /* Main.storyboard */; };
		B1066FAF2C41C764004EC355 /* Assets.xcassets in Resources */ = {isa = PBXBuildFile; fileRef = B1066FAE2C41C764004EC355 /* Assets.xcassets */; };
		B1066FB22C41C764004EC355 /* LaunchScreen.storyboard in Resources */ = {isa = PBXBuildFile; fileRef = B1066FB02C41C764004EC355 /* LaunchScreen.storyboard */; };
		B1066FBC2C41C7D1004EC355 /* PanelView in Frameworks */ = {isa = PBXBuildFile; productRef = B1066FBB2C41C7D1004EC355 /* PanelView */; };
		B11ACDFC2C540A64009D969A /* UIViewControllerExtensions.swift in Sources */ = {isa = PBXBuildFile; fileRef = B11ACDFB2C540A64009D969A /* UIViewControllerExtensions.swift */; };
		B12ADCA42C6E832400680C68 /* ImageAndLabelCell.swift in Sources */ = {isa = PBXBuildFile; fileRef = B12ADC9E2C6E832400680C68 /* ImageAndLabelCell.swift */; };
		B12ADCA52C6E832400680C68 /* SimpleViewController.swift in Sources */ = {isa = PBXBuildFile; fileRef = B12ADC9F2C6E832400680C68 /* SimpleViewController.swift */; };
		B12ADCA62C6E832400680C68 /* SimpleViewController.xib in Resources */ = {isa = PBXBuildFile; fileRef = B12ADCA02C6E832400680C68 /* SimpleViewController.xib */; };
		B12ADCA72C6E832400680C68 /* SimpleViewSection.swift in Sources */ = {isa = PBXBuildFile; fileRef = B12ADCA12C6E832400680C68 /* SimpleViewSection.swift */; };
		B12ADCA82C6E832400680C68 /* ImageAndLabelCell.xib in Resources */ = {isa = PBXBuildFile; fileRef = B12ADCA22C6E832400680C68 /* ImageAndLabelCell.xib */; };
		B12ADCA92C6E832400680C68 /* ImageAndLabelViewModel.swift in Sources */ = {isa = PBXBuildFile; fileRef = B12ADCA32C6E832400680C68 /* ImageAndLabelViewModel.swift */; };
		B12ADCB72C6E835B00680C68 /* LoremIpsum in Frameworks */ = {isa = PBXBuildFile; productRef = B12ADCB62C6E835B00680C68 /* LoremIpsum */; };
		B12ADCBA2C6E836100680C68 /* Composure in Frameworks */ = {isa = PBXBuildFile; productRef = B12ADCB92C6E836100680C68 /* Composure */; };
		B14637D52C7100D0009A7EDD /* RandomImageGenerator.swift in Sources */ = {isa = PBXBuildFile; fileRef = B14637D02C7100D0009A7EDD /* RandomImageGenerator.swift */; };
		B14637D62C7100D0009A7EDD /* IntToLayoutConverter.swift in Sources */ = {isa = PBXBuildFile; fileRef = B14637D12C7100D0009A7EDD /* IntToLayoutConverter.swift */; };
		B14637D72C7100D0009A7EDD /* NibLoadable.swift in Sources */ = {isa = PBXBuildFile; fileRef = B14637D22C7100D0009A7EDD /* NibLoadable.swift */; };
		B14637D82C7100D0009A7EDD /* BorderedView.swift in Sources */ = {isa = PBXBuildFile; fileRef = B14637D32C7100D0009A7EDD /* BorderedView.swift */; };
		B14637D92C7100D0009A7EDD /* RandomImage.swift in Sources */ = {isa = PBXBuildFile; fileRef = B14637D42C7100D0009A7EDD /* RandomImage.swift */; };
		B1FBB39F2C51655D0090CEF0 /* MultiSelectSegmentedControl in Frameworks */ = {isa = PBXBuildFile; productRef = B1FBB39E2C51655D0090CEF0 /* MultiSelectSegmentedControl */; };
/* End PBXBuildFile section */

/* Begin PBXFileReference section */
		B1066FA22C41C763004EC355 /* PanelViewExample.app */ = {isa = PBXFileReference; explicitFileType = wrapper.application; includeInIndex = 0; path = PanelViewExample.app; sourceTree = BUILT_PRODUCTS_DIR; };
		B1066FA52C41C763004EC355 /* AppDelegate.swift */ = {isa = PBXFileReference; lastKnownFileType = sourcecode.swift; path = AppDelegate.swift; sourceTree = "<group>"; };
		B1066FA72C41C763004EC355 /* SceneDelegate.swift */ = {isa = PBXFileReference; lastKnownFileType = sourcecode.swift; path = SceneDelegate.swift; sourceTree = "<group>"; };
		B1066FA92C41C763004EC355 /* ViewController.swift */ = {isa = PBXFileReference; lastKnownFileType = sourcecode.swift; path = ViewController.swift; sourceTree = "<group>"; };
		B1066FAC2C41C763004EC355 /* Base */ = {isa = PBXFileReference; lastKnownFileType = file.storyboard; name = Base; path = Base.lproj/Main.storyboard; sourceTree = "<group>"; };
		B1066FAE2C41C764004EC355 /* Assets.xcassets */ = {isa = PBXFileReference; lastKnownFileType = folder.assetcatalog; path = Assets.xcassets; sourceTree = "<group>"; };
		B1066FB12C41C764004EC355 /* Base */ = {isa = PBXFileReference; lastKnownFileType = file.storyboard; name = Base; path = Base.lproj/LaunchScreen.storyboard; sourceTree = "<group>"; };
		B1066FB32C41C764004EC355 /* Info.plist */ = {isa = PBXFileReference; lastKnownFileType = text.plist.xml; path = Info.plist; sourceTree = "<group>"; };
		B1066FB92C41C7AA004EC355 /* PanelViewExample.entitlements */ = {isa = PBXFileReference; lastKnownFileType = text.plist.entitlements; path = PanelViewExample.entitlements; sourceTree = "<group>"; };
		B11ACDFB2C540A64009D969A /* UIViewControllerExtensions.swift */ = {isa = PBXFileReference; lastKnownFileType = sourcecode.swift; path = UIViewControllerExtensions.swift; sourceTree = "<group>"; };
		B12ADC9E2C6E832400680C68 /* ImageAndLabelCell.swift */ = {isa = PBXFileReference; fileEncoding = 4; lastKnownFileType = sourcecode.swift; path = ImageAndLabelCell.swift; sourceTree = "<group>"; };
		B12ADC9F2C6E832400680C68 /* SimpleViewController.swift */ = {isa = PBXFileReference; fileEncoding = 4; lastKnownFileType = sourcecode.swift; path = SimpleViewController.swift; sourceTree = "<group>"; };
		B12ADCA02C6E832400680C68 /* SimpleViewController.xib */ = {isa = PBXFileReference; fileEncoding = 4; lastKnownFileType = file.xib; path = SimpleViewController.xib; sourceTree = "<group>"; };
		B12ADCA12C6E832400680C68 /* SimpleViewSection.swift */ = {isa = PBXFileReference; fileEncoding = 4; lastKnownFileType = sourcecode.swift; path = SimpleViewSection.swift; sourceTree = "<group>"; };
		B12ADCA22C6E832400680C68 /* ImageAndLabelCell.xib */ = {isa = PBXFileReference; fileEncoding = 4; lastKnownFileType = file.xib; path = ImageAndLabelCell.xib; sourceTree = "<group>"; };
		B12ADCA32C6E832400680C68 /* ImageAndLabelViewModel.swift */ = {isa = PBXFileReference; fileEncoding = 4; lastKnownFileType = sourcecode.swift; path = ImageAndLabelViewModel.swift; sourceTree = "<group>"; };
		B14637D02C7100D0009A7EDD /* RandomImageGenerator.swift */ = {isa = PBXFileReference; fileEncoding = 4; lastKnownFileType = sourcecode.swift; path = RandomImageGenerator.swift; sourceTree = "<group>"; };
		B14637D12C7100D0009A7EDD /* IntToLayoutConverter.swift */ = {isa = PBXFileReference; fileEncoding = 4; lastKnownFileType = sourcecode.swift; path = IntToLayoutConverter.swift; sourceTree = "<group>"; };
		B14637D22C7100D0009A7EDD /* NibLoadable.swift */ = {isa = PBXFileReference; fileEncoding = 4; lastKnownFileType = sourcecode.swift; path = NibLoadable.swift; sourceTree = "<group>"; };
		B14637D32C7100D0009A7EDD /* BorderedView.swift */ = {isa = PBXFileReference; fileEncoding = 4; lastKnownFileType = sourcecode.swift; path = BorderedView.swift; sourceTree = "<group>"; };
		B14637D42C7100D0009A7EDD /* RandomImage.swift */ = {isa = PBXFileReference; fileEncoding = 4; lastKnownFileType = sourcecode.swift; path = RandomImage.swift; sourceTree = "<group>"; };
/* End PBXFileReference section */

/* Begin PBXFrameworksBuildPhase section */
		B1066F9F2C41C763004EC355 /* Frameworks */ = {
			isa = PBXFrameworksBuildPhase;
			buildActionMask = 2147483647;
			files = (
				B1066FBC2C41C7D1004EC355 /* PanelView in Frameworks */,
				B1FBB39F2C51655D0090CEF0 /* MultiSelectSegmentedControl in Frameworks */,
				B12ADCBA2C6E836100680C68 /* Composure in Frameworks */,
				B12ADCB72C6E835B00680C68 /* LoremIpsum in Frameworks */,
			);
			runOnlyForDeploymentPostprocessing = 0;
		};
/* End PBXFrameworksBuildPhase section */

/* Begin PBXGroup section */
		B1066F992C41C763004EC355 = {
			isa = PBXGroup;
			children = (
				B1066FA42C41C763004EC355 /* PanelViewExample */,
				B1066FA32C41C763004EC355 /* Products */,
			);
			sourceTree = "<group>";
		};
		B1066FA32C41C763004EC355 /* Products */ = {
			isa = PBXGroup;
			children = (
				B1066FA22C41C763004EC355 /* PanelViewExample.app */,
			);
			name = Products;
			sourceTree = "<group>";
		};
		B1066FA42C41C763004EC355 /* PanelViewExample */ = {
			isa = PBXGroup;
			children = (
				B12ADCAA2C6E833D00680C68 /* utils */,
				B12ADC9D2C6E830F00680C68 /* simple */,
				B1066FB92C41C7AA004EC355 /* PanelViewExample.entitlements */,
				B1066FA52C41C763004EC355 /* AppDelegate.swift */,
				B1066FA72C41C763004EC355 /* SceneDelegate.swift */,
				B1066FA92C41C763004EC355 /* ViewController.swift */,
				B1066FAB2C41C763004EC355 /* Main.storyboard */,
				B1066FAE2C41C764004EC355 /* Assets.xcassets */,
				B1066FB02C41C764004EC355 /* LaunchScreen.storyboard */,
				B1066FB32C41C764004EC355 /* Info.plist */,
				B11ACDFB2C540A64009D969A /* UIViewControllerExtensions.swift */,
			);
			path = PanelViewExample;
			sourceTree = "<group>";
		};
		B12ADC9D2C6E830F00680C68 /* simple */ = {
			isa = PBXGroup;
			children = (
				B12ADC9E2C6E832400680C68 /* ImageAndLabelCell.swift */,
				B12ADCA22C6E832400680C68 /* ImageAndLabelCell.xib */,
				B12ADCA32C6E832400680C68 /* ImageAndLabelViewModel.swift */,
				B12ADC9F2C6E832400680C68 /* SimpleViewController.swift */,
				B12ADCA02C6E832400680C68 /* SimpleViewController.xib */,
				B12ADCA12C6E832400680C68 /* SimpleViewSection.swift */,
			);
			path = simple;
			sourceTree = "<group>";
		};
		B12ADCAA2C6E833D00680C68 /* utils */ = {
			isa = PBXGroup;
			children = (
				B14637D32C7100D0009A7EDD /* BorderedView.swift */,
				B14637D12C7100D0009A7EDD /* IntToLayoutConverter.swift */,
				B14637D22C7100D0009A7EDD /* NibLoadable.swift */,
				B14637D42C7100D0009A7EDD /* RandomImage.swift */,
				B14637D02C7100D0009A7EDD /* RandomImageGenerator.swift */,
			);
			path = utils;
			sourceTree = "<group>";
		};
/* End PBXGroup section */

/* Begin PBXNativeTarget section */
		B1066FA12C41C763004EC355 /* PanelViewExample */ = {
			isa = PBXNativeTarget;
			buildConfigurationList = B1066FB62C41C764004EC355 /* Build configuration list for PBXNativeTarget "PanelViewExample" */;
			buildPhases = (
				B1066F9E2C41C763004EC355 /* Sources */,
				B1066F9F2C41C763004EC355 /* Frameworks */,
				B1066FA02C41C763004EC355 /* Resources */,
			);
			buildRules = (
			);
			dependencies = (
			);
			name = PanelViewExample;
			packageProductDependencies = (
				B1066FBB2C41C7D1004EC355 /* PanelView */,
				B1FBB39E2C51655D0090CEF0 /* MultiSelectSegmentedControl */,
				B12ADCB62C6E835B00680C68 /* LoremIpsum */,
				B12ADCB92C6E836100680C68 /* Composure */,
			);
			productName = PanelViewExample;
			productReference = B1066FA22C41C763004EC355 /* PanelViewExample.app */;
			productType = "com.apple.product-type.application";
		};
/* End PBXNativeTarget section */

/* Begin PBXProject section */
		B1066F9A2C41C763004EC355 /* Project object */ = {
			isa = PBXProject;
			attributes = {
				BuildIndependentTargetsInParallel = 1;
				LastSwiftUpdateCheck = 1520;
				LastUpgradeCheck = 1520;
				TargetAttributes = {
					B1066FA12C41C763004EC355 = {
						CreatedOnToolsVersion = 15.2;
					};
				};
			};
			buildConfigurationList = B1066F9D2C41C763004EC355 /* Build configuration list for PBXProject "PanelViewExample" */;
			compatibilityVersion = "Xcode 14.0";
			developmentRegion = en;
			hasScannedForEncodings = 0;
			knownRegions = (
				en,
				Base,
			);
			mainGroup = B1066F992C41C763004EC355;
			packageReferences = (
				B1066FBA2C41C7D1004EC355 /* XCLocalSwiftPackageReference ".." */,
				B1FBB39D2C51655D0090CEF0 /* XCRemoteSwiftPackageReference "MultiSelectSegmentedControl" */,
				B12ADCB52C6E835B00680C68 /* XCRemoteSwiftPackageReference "LoremIpsum" */,
				B12ADCB82C6E836100680C68 /* XCRemoteSwiftPackageReference "Composure" */,
			);
			productRefGroup = B1066FA32C41C763004EC355 /* Products */;
			projectDirPath = "";
			projectRoot = "";
			targets = (
				B1066FA12C41C763004EC355 /* PanelViewExample */,
			);
		};
/* End PBXProject section */

/* Begin PBXResourcesBuildPhase section */
		B1066FA02C41C763004EC355 /* Resources */ = {
			isa = PBXResourcesBuildPhase;
			buildActionMask = 2147483647;
			files = (
				B1066FB22C41C764004EC355 /* LaunchScreen.storyboard in Resources */,
				B12ADCA82C6E832400680C68 /* ImageAndLabelCell.xib in Resources */,
				B1066FAF2C41C764004EC355 /* Assets.xcassets in Resources */,
				B12ADCA62C6E832400680C68 /* SimpleViewController.xib in Resources */,
				B1066FAD2C41C763004EC355 /* Main.storyboard in Resources */,
			);
			runOnlyForDeploymentPostprocessing = 0;
		};
/* End PBXResourcesBuildPhase section */

/* Begin PBXSourcesBuildPhase section */
		B1066F9E2C41C763004EC355 /* Sources */ = {
			isa = PBXSourcesBuildPhase;
			buildActionMask = 2147483647;
			files = (
				B12ADCA42C6E832400680C68 /* ImageAndLabelCell.swift in Sources */,
				B14637D62C7100D0009A7EDD /* IntToLayoutConverter.swift in Sources */,
				B12ADCA92C6E832400680C68 /* ImageAndLabelViewModel.swift in Sources */,
				B11ACDFC2C540A64009D969A /* UIViewControllerExtensions.swift in Sources */,
				B12ADCA52C6E832400680C68 /* SimpleViewController.swift in Sources */,
				B14637D92C7100D0009A7EDD /* RandomImage.swift in Sources */,
				B14637D72C7100D0009A7EDD /* NibLoadable.swift in Sources */,
				B14637D52C7100D0009A7EDD /* RandomImageGenerator.swift in Sources */,
				B14637D82C7100D0009A7EDD /* BorderedView.swift in Sources */,
				B1066FAA2C41C763004EC355 /* ViewController.swift in Sources */,
				B1066FA62C41C763004EC355 /* AppDelegate.swift in Sources */,
				B12ADCA72C6E832400680C68 /* SimpleViewSection.swift in Sources */,
				B1066FA82C41C763004EC355 /* SceneDelegate.swift in Sources */,
			);
			runOnlyForDeploymentPostprocessing = 0;
		};
/* End PBXSourcesBuildPhase section */

/* Begin PBXVariantGroup section */
		B1066FAB2C41C763004EC355 /* Main.storyboard */ = {
			isa = PBXVariantGroup;
			children = (
				B1066FAC2C41C763004EC355 /* Base */,
			);
			name = Main.storyboard;
			sourceTree = "<group>";
		};
		B1066FB02C41C764004EC355 /* LaunchScreen.storyboard */ = {
			isa = PBXVariantGroup;
			children = (
				B1066FB12C41C764004EC355 /* Base */,
			);
			name = LaunchScreen.storyboard;
			sourceTree = "<group>";
		};
/* End PBXVariantGroup section */

/* Begin XCBuildConfiguration section */
		B1066FB42C41C764004EC355 /* Debug */ = {
			isa = XCBuildConfiguration;
			buildSettings = {
				ALWAYS_SEARCH_USER_PATHS = NO;
				ASSETCATALOG_COMPILER_GENERATE_SWIFT_ASSET_SYMBOL_EXTENSIONS = YES;
				CLANG_ANALYZER_NONNULL = YES;
				CLANG_ANALYZER_NUMBER_OBJECT_CONVERSION = YES_AGGRESSIVE;
				CLANG_CXX_LANGUAGE_STANDARD = "gnu++20";
				CLANG_ENABLE_MODULES = YES;
				CLANG_ENABLE_OBJC_ARC = YES;
				CLANG_ENABLE_OBJC_WEAK = YES;
				CLANG_WARN_BLOCK_CAPTURE_AUTORELEASING = YES;
				CLANG_WARN_BOOL_CONVERSION = YES;
				CLANG_WARN_COMMA = YES;
				CLANG_WARN_CONSTANT_CONVERSION = YES;
				CLANG_WARN_DEPRECATED_OBJC_IMPLEMENTATIONS = YES;
				CLANG_WARN_DIRECT_OBJC_ISA_USAGE = YES_ERROR;
				CLANG_WARN_DOCUMENTATION_COMMENTS = YES;
				CLANG_WARN_EMPTY_BODY = YES;
				CLANG_WARN_ENUM_CONVERSION = YES;
				CLANG_WARN_INFINITE_RECURSION = YES;
				CLANG_WARN_INT_CONVERSION = YES;
				CLANG_WARN_NON_LITERAL_NULL_CONVERSION = YES;
				CLANG_WARN_OBJC_IMPLICIT_RETAIN_SELF = YES;
				CLANG_WARN_OBJC_LITERAL_CONVERSION = YES;
				CLANG_WARN_OBJC_ROOT_CLASS = YES_ERROR;
				CLANG_WARN_QUOTED_INCLUDE_IN_FRAMEWORK_HEADER = YES;
				CLANG_WARN_RANGE_LOOP_ANALYSIS = YES;
				CLANG_WARN_STRICT_PROTOTYPES = YES;
				CLANG_WARN_SUSPICIOUS_MOVE = YES;
				CLANG_WARN_UNGUARDED_AVAILABILITY = YES_AGGRESSIVE;
				CLANG_WARN_UNREACHABLE_CODE = YES;
				CLANG_WARN__DUPLICATE_METHOD_MATCH = YES;
				COPY_PHASE_STRIP = NO;
				DEBUG_INFORMATION_FORMAT = dwarf;
				ENABLE_STRICT_OBJC_MSGSEND = YES;
				ENABLE_TESTABILITY = YES;
				ENABLE_USER_SCRIPT_SANDBOXING = YES;
				GCC_C_LANGUAGE_STANDARD = gnu17;
				GCC_DYNAMIC_NO_PIC = NO;
				GCC_NO_COMMON_BLOCKS = YES;
				GCC_OPTIMIZATION_LEVEL = 0;
				GCC_PREPROCESSOR_DEFINITIONS = (
					"DEBUG=1",
					"$(inherited)",
				);
				GCC_WARN_64_TO_32_BIT_CONVERSION = YES;
				GCC_WARN_ABOUT_RETURN_TYPE = YES_ERROR;
				GCC_WARN_UNDECLARED_SELECTOR = YES;
				GCC_WARN_UNINITIALIZED_AUTOS = YES_AGGRESSIVE;
				GCC_WARN_UNUSED_FUNCTION = YES;
				GCC_WARN_UNUSED_VARIABLE = YES;
				IPHONEOS_DEPLOYMENT_TARGET = 17.2;
				LOCALIZATION_PREFERS_STRING_CATALOGS = YES;
				MTL_ENABLE_DEBUG_INFO = INCLUDE_SOURCE;
				MTL_FAST_MATH = YES;
				ONLY_ACTIVE_ARCH = YES;
				SDKROOT = iphoneos;
				SWIFT_ACTIVE_COMPILATION_CONDITIONS = "DEBUG $(inherited)";
				SWIFT_OPTIMIZATION_LEVEL = "-Onone";
			};
			name = Debug;
		};
		B1066FB52C41C764004EC355 /* Release */ = {
			isa = XCBuildConfiguration;
			buildSettings = {
				ALWAYS_SEARCH_USER_PATHS = NO;
				ASSETCATALOG_COMPILER_GENERATE_SWIFT_ASSET_SYMBOL_EXTENSIONS = YES;
				CLANG_ANALYZER_NONNULL = YES;
				CLANG_ANALYZER_NUMBER_OBJECT_CONVERSION = YES_AGGRESSIVE;
				CLANG_CXX_LANGUAGE_STANDARD = "gnu++20";
				CLANG_ENABLE_MODULES = YES;
				CLANG_ENABLE_OBJC_ARC = YES;
				CLANG_ENABLE_OBJC_WEAK = YES;
				CLANG_WARN_BLOCK_CAPTURE_AUTORELEASING = YES;
				CLANG_WARN_BOOL_CONVERSION = YES;
				CLANG_WARN_COMMA = YES;
				CLANG_WARN_CONSTANT_CONVERSION = YES;
				CLANG_WARN_DEPRECATED_OBJC_IMPLEMENTATIONS = YES;
				CLANG_WARN_DIRECT_OBJC_ISA_USAGE = YES_ERROR;
				CLANG_WARN_DOCUMENTATION_COMMENTS = YES;
				CLANG_WARN_EMPTY_BODY = YES;
				CLANG_WARN_ENUM_CONVERSION = YES;
				CLANG_WARN_INFINITE_RECURSION = YES;
				CLANG_WARN_INT_CONVERSION = YES;
				CLANG_WARN_NON_LITERAL_NULL_CONVERSION = YES;
				CLANG_WARN_OBJC_IMPLICIT_RETAIN_SELF = YES;
				CLANG_WARN_OBJC_LITERAL_CONVERSION = YES;
				CLANG_WARN_OBJC_ROOT_CLASS = YES_ERROR;
				CLANG_WARN_QUOTED_INCLUDE_IN_FRAMEWORK_HEADER = YES;
				CLANG_WARN_RANGE_LOOP_ANALYSIS = YES;
				CLANG_WARN_STRICT_PROTOTYPES = YES;
				CLANG_WARN_SUSPICIOUS_MOVE = YES;
				CLANG_WARN_UNGUARDED_AVAILABILITY = YES_AGGRESSIVE;
				CLANG_WARN_UNREACHABLE_CODE = YES;
				CLANG_WARN__DUPLICATE_METHOD_MATCH = YES;
				COPY_PHASE_STRIP = NO;
				DEBUG_INFORMATION_FORMAT = "dwarf-with-dsym";
				ENABLE_NS_ASSERTIONS = NO;
				ENABLE_STRICT_OBJC_MSGSEND = YES;
				ENABLE_USER_SCRIPT_SANDBOXING = YES;
				GCC_C_LANGUAGE_STANDARD = gnu17;
				GCC_NO_COMMON_BLOCKS = YES;
				GCC_WARN_64_TO_32_BIT_CONVERSION = YES;
				GCC_WARN_ABOUT_RETURN_TYPE = YES_ERROR;
				GCC_WARN_UNDECLARED_SELECTOR = YES;
				GCC_WARN_UNINITIALIZED_AUTOS = YES_AGGRESSIVE;
				GCC_WARN_UNUSED_FUNCTION = YES;
				GCC_WARN_UNUSED_VARIABLE = YES;
				IPHONEOS_DEPLOYMENT_TARGET = 17.2;
				LOCALIZATION_PREFERS_STRING_CATALOGS = YES;
				MTL_ENABLE_DEBUG_INFO = NO;
				MTL_FAST_MATH = YES;
				SDKROOT = iphoneos;
				SWIFT_COMPILATION_MODE = wholemodule;
				VALIDATE_PRODUCT = YES;
			};
			name = Release;
		};
		B1066FB72C41C764004EC355 /* Debug */ = {
			isa = XCBuildConfiguration;
			buildSettings = {
				ASSETCATALOG_COMPILER_APPICON_NAME = AppIcon;
				ASSETCATALOG_COMPILER_GLOBAL_ACCENT_COLOR_NAME = AccentColor;
				CODE_SIGN_ENTITLEMENTS = PanelViewExample/PanelViewExample.entitlements;
				"CODE_SIGN_IDENTITY[sdk=macosx*]" = "-";
				CODE_SIGN_STYLE = Manual;
				CURRENT_PROJECT_VERSION = 1;
				DEVELOPMENT_TEAM = "";
				GENERATE_INFOPLIST_FILE = YES;
				INFOPLIST_FILE = PanelViewExample/Info.plist;
				INFOPLIST_KEY_UIApplicationSupportsIndirectInputEvents = YES;
				INFOPLIST_KEY_UILaunchStoryboardName = LaunchScreen;
				INFOPLIST_KEY_UIMainStoryboardFile = Main;
				INFOPLIST_KEY_UISupportedInterfaceOrientations = "UIInterfaceOrientationLandscapeLeft UIInterfaceOrientationLandscapeRight UIInterfaceOrientationPortrait UIInterfaceOrientationPortraitUpsideDown";
				IPHONEOS_DEPLOYMENT_TARGET = 15.0;
				LD_RUNPATH_SEARCH_PATHS = (
					"$(inherited)",
					"@executable_path/Frameworks",
				);
				MARKETING_VERSION = 1.0;
				PRODUCT_BUNDLE_IDENTIFIER = io.eclypse.PanelViewExample;
				PRODUCT_NAME = "$(TARGET_NAME)";
				PROVISIONING_PROFILE_SPECIFIER = "";
				SUPPORTED_PLATFORMS = "iphoneos iphonesimulator";
				SUPPORTS_MACCATALYST = YES;
				SUPPORTS_MAC_DESIGNED_FOR_IPHONE_IPAD = NO;
				SUPPORTS_XR_DESIGNED_FOR_IPHONE_IPAD = NO;
				SWIFT_EMIT_LOC_STRINGS = YES;
				SWIFT_VERSION = 5.0;
				TARGETED_DEVICE_FAMILY = "1,2,6";
			};
			name = Debug;
		};
		B1066FB82C41C764004EC355 /* Release */ = {
			isa = XCBuildConfiguration;
			buildSettings = {
				ASSETCATALOG_COMPILER_APPICON_NAME = AppIcon;
				ASSETCATALOG_COMPILER_GLOBAL_ACCENT_COLOR_NAME = AccentColor;
				CODE_SIGN_ENTITLEMENTS = PanelViewExample/PanelViewExample.entitlements;
				"CODE_SIGN_IDENTITY[sdk=macosx*]" = "-";
				CODE_SIGN_STYLE = Manual;
				CURRENT_PROJECT_VERSION = 1;
				DEVELOPMENT_TEAM = "";
				GENERATE_INFOPLIST_FILE = YES;
				INFOPLIST_FILE = PanelViewExample/Info.plist;
				INFOPLIST_KEY_UIApplicationSupportsIndirectInputEvents = YES;
				INFOPLIST_KEY_UILaunchStoryboardName = LaunchScreen;
				INFOPLIST_KEY_UIMainStoryboardFile = Main;
				INFOPLIST_KEY_UISupportedInterfaceOrientations = "UIInterfaceOrientationLandscapeLeft UIInterfaceOrientationLandscapeRight UIInterfaceOrientationPortrait UIInterfaceOrientationPortraitUpsideDown";
				IPHONEOS_DEPLOYMENT_TARGET = 15.0;
				LD_RUNPATH_SEARCH_PATHS = (
					"$(inherited)",
					"@executable_path/Frameworks",
				);
				MARKETING_VERSION = 1.0;
				PRODUCT_BUNDLE_IDENTIFIER = io.eclypse.PanelViewExample;
				PRODUCT_NAME = "$(TARGET_NAME)";
				PROVISIONING_PROFILE_SPECIFIER = "";
				SUPPORTED_PLATFORMS = "iphoneos iphonesimulator";
				SUPPORTS_MACCATALYST = YES;
				SUPPORTS_MAC_DESIGNED_FOR_IPHONE_IPAD = NO;
				SUPPORTS_XR_DESIGNED_FOR_IPHONE_IPAD = NO;
				SWIFT_EMIT_LOC_STRINGS = YES;
				SWIFT_VERSION = 5.0;
				TARGETED_DEVICE_FAMILY = "1,2,6";
			};
			name = Release;
		};
/* End XCBuildConfiguration section */

/* Begin XCConfigurationList section */
		B1066F9D2C41C763004EC355 /* Build configuration list for PBXProject "PanelViewExample" */ = {
			isa = XCConfigurationList;
			buildConfigurations = (
				B1066FB42C41C764004EC355 /* Debug */,
				B1066FB52C41C764004EC355 /* Release */,
			);
			defaultConfigurationIsVisible = 0;
			defaultConfigurationName = Release;
		};
		B1066FB62C41C764004EC355 /* Build configuration list for PBXNativeTarget "PanelViewExample" */ = {
			isa = XCConfigurationList;
			buildConfigurations = (
				B1066FB72C41C764004EC355 /* Debug */,
				B1066FB82C41C764004EC355 /* Release */,
			);
			defaultConfigurationIsVisible = 0;
			defaultConfigurationName = Release;
		};
/* End XCConfigurationList section */

/* Begin XCLocalSwiftPackageReference section */
		B1066FBA2C41C7D1004EC355 /* XCLocalSwiftPackageReference ".." */ = {
			isa = XCLocalSwiftPackageReference;
			relativePath = ..;
		};
/* End XCLocalSwiftPackageReference section */

/* Begin XCRemoteSwiftPackageReference section */
		B12ADCB52C6E835B00680C68 /* XCRemoteSwiftPackageReference "LoremIpsum" */ = {
			isa = XCRemoteSwiftPackageReference;
			repositoryURL = "https://github.com/lukaskubanek/LoremIpsum";
			requirement = {
				branch = master;
				kind = branch;
			};
		};
		B12ADCB82C6E836100680C68 /* XCRemoteSwiftPackageReference "Composure" */ = {
			isa = XCRemoteSwiftPackageReference;
			repositoryURL = "https://github.com/eclypse-tms/Composure";
			requirement = {
				kind = upToNextMajorVersion;
				minimumVersion = 1.2.3;
			};
		};
		B1FBB39D2C51655D0090CEF0 /* XCRemoteSwiftPackageReference "MultiSelectSegmentedControl" */ = {
			isa = XCRemoteSwiftPackageReference;
			repositoryURL = "https://github.com/yonat/MultiSelectSegmentedControl";
			requirement = {
				kind = upToNextMajorVersion;
				minimumVersion = 2.4.0;
			};
		};
/* End XCRemoteSwiftPackageReference section */

/* Begin XCSwiftPackageProductDependency section */
		B1066FBB2C41C7D1004EC355 /* PanelView */ = {
			isa = XCSwiftPackageProductDependency;
			productName = PanelView;
		};
		B12ADCB62C6E835B00680C68 /* LoremIpsum */ = {
			isa = XCSwiftPackageProductDependency;
			package = B12ADCB52C6E835B00680C68 /* XCRemoteSwiftPackageReference "LoremIpsum" */;
			productName = LoremIpsum;
		};
		B12ADCB92C6E836100680C68 /* Composure */ = {
			isa = XCSwiftPackageProductDependency;
			package = B12ADCB82C6E836100680C68 /* XCRemoteSwiftPackageReference "Composure" */;
			productName = Composure;
		};
		B1FBB39E2C51655D0090CEF0 /* MultiSelectSegmentedControl */ = {
			isa = XCSwiftPackageProductDependency;
			package = B1FBB39D2C51655D0090CEF0 /* XCRemoteSwiftPackageReference "MultiSelectSegmentedControl" */;
			productName = MultiSelectSegmentedControl;
		};
/* End XCSwiftPackageProductDependency section */
	};
	rootObject = B1066F9A2C41C763004EC355 /* Project object */;
}
